
Microsoft Visual Studio Solution File, Format Version 12.00
# Visual Studio Version 17
VisualStudioVersion = 17.0.31710.8
MinimumVisualStudioVersion = 10.0.40219.1
Project("{9A19103F-16F7-4668-BE54-9A1E7A4F7556}") = "Points.Api", "Points.Api\Points.Api.csproj", "{41766620-E634-4758-98ED-C6EE85112E7C}"
EndProject
Project("{9A19103F-16F7-4668-BE54-9A1E7A4F7556}") = "Points.Server", "Points.Server\Points.Server.csproj", "{3B7953E4-A4B9-4252-AB41-AD32735BB77C}"
EndProject
Project("{9A19103F-16F7-4668-BE54-9A1E7A4F7556}") = "Points.DataAccess", "Points.DataAccess\Points.DataAccess.csproj", "{5FA4BBC0-DCBD-45DC-8FD8-EEC962DCBF93}"
EndProject
Project("{9A19103F-16F7-4668-BE54-9A1E7A4F7556}") = "Points.Server.UnitTest", "Points.Server.Test\Points.Server.UnitTest.csproj", "{33D14295-2A97-4E74-9765-A337D99D59D0}"
EndProject
Project("{9A19103F-16F7-4668-BE54-9A1E7A4F7556}") = "Points.Server.IntegrationTest", "Points.Server.IntegrationTest\Points.Server.IntegrationTest.csproj", "{EB317A48-6668-45A0-B85B-9D0D8DA63BB0}"
EndProject
Project("{00D1A9C2-B5F0-4AF3-8072-F6C62B433612}") = "PointsDb", "Points.Db\PointsDb.sqlproj", "{EE831142-1D5E-40A2-AEE5-A02B6DD00A9D}"
EndProject
Project("{9A19103F-16F7-4668-BE54-9A1E7A4F7556}") = "Points.Entities", "Points.Entities\Points.Entities.csproj", "{32A14F34-1CF1-4261-8DC3-F8B06AD0276E}"
EndProject
Project("{FAE04EC0-301F-11D3-BF4B-00C04F79EFBC}") = "Points.Logger", "Points.Logger\Points.Logger.csproj", "{A8463BB9-CB1D-4B88-B013-4F333D041D7A}"
EndProject
Global
	GlobalSection(SolutionConfigurationPlatforms) = preSolution
		Debug|Any CPU = Debug|Any CPU
		Release|Any CPU = Release|Any CPU
	EndGlobalSection
	GlobalSection(ProjectConfigurationPlatforms) = postSolution
		{41766620-E634-4758-98ED-C6EE85112E7C}.Debug|Any CPU.ActiveCfg = Debug|Any CPU
		{41766620-E634-4758-98ED-C6EE85112E7C}.Debug|Any CPU.Build.0 = Debug|Any CPU
		{41766620-E634-4758-98ED-C6EE85112E7C}.Release|Any CPU.ActiveCfg = Release|Any CPU
		{41766620-E634-4758-98ED-C6EE85112E7C}.Release|Any CPU.Build.0 = Release|Any CPU
		{3B7953E4-A4B9-4252-AB41-AD32735BB77C}.Debug|Any CPU.ActiveCfg = Debug|Any CPU
		{3B7953E4-A4B9-4252-AB41-AD32735BB77C}.Debug|Any CPU.Build.0 = Debug|Any CPU
		{3B7953E4-A4B9-4252-AB41-AD32735BB77C}.Release|Any CPU.ActiveCfg = Release|Any CPU
		{3B7953E4-A4B9-4252-AB41-AD32735BB77C}.Release|Any CPU.Build.0 = Release|Any CPU
		{5FA4BBC0-DCBD-45DC-8FD8-EEC962DCBF93}.Debug|Any CPU.ActiveCfg = Debug|Any CPU
		{5FA4BBC0-DCBD-45DC-8FD8-EEC962DCBF93}.Debug|Any CPU.Build.0 = Debug|Any CPU
		{5FA4BBC0-DCBD-45DC-8FD8-EEC962DCBF93}.Release|Any CPU.ActiveCfg = Release|Any CPU
		{5FA4BBC0-DCBD-45DC-8FD8-EEC962DCBF93}.Release|Any CPU.Build.0 = Release|Any CPU
		{33D14295-2A97-4E74-9765-A337D99D59D0}.Debug|Any CPU.ActiveCfg = Debug|Any CPU
		{33D14295-2A97-4E74-9765-A337D99D59D0}.Debug|Any CPU.Build.0 = Debug|Any CPU
		{33D14295-2A97-4E74-9765-A337D99D59D0}.Release|Any CPU.ActiveCfg = Release|Any CPU
		{33D14295-2A97-4E74-9765-A337D99D59D0}.Release|Any CPU.Build.0 = Release|Any CPU
		{EB317A48-6668-45A0-B85B-9D0D8DA63BB0}.Debug|Any CPU.ActiveCfg = Debug|Any CPU
		{EB317A48-6668-45A0-B85B-9D0D8DA63BB0}.Debug|Any CPU.Build.0 = Debug|Any CPU
		{EB317A48-6668-45A0-B85B-9D0D8DA63BB0}.Release|Any CPU.ActiveCfg = Release|Any CPU
		{EB317A48-6668-45A0-B85B-9D0D8DA63BB0}.Release|Any CPU.Build.0 = Release|Any CPU
		{EE831142-1D5E-40A2-AEE5-A02B6DD00A9D}.Debug|Any CPU.ActiveCfg = Debug|Any CPU
		{EE831142-1D5E-40A2-AEE5-A02B6DD00A9D}.Debug|Any CPU.Build.0 = Debug|Any CPU
		{EE831142-1D5E-40A2-AEE5-A02B6DD00A9D}.Debug|Any CPU.Deploy.0 = Debug|Any CPU
		{EE831142-1D5E-40A2-AEE5-A02B6DD00A9D}.Release|Any CPU.ActiveCfg = Release|Any CPU
		{EE831142-1D5E-40A2-AEE5-A02B6DD00A9D}.Release|Any CPU.Build.0 = Release|Any CPU
		{EE831142-1D5E-40A2-AEE5-A02B6DD00A9D}.Release|Any CPU.Deploy.0 = Release|Any CPU
		{32A14F34-1CF1-4261-8DC3-F8B06AD0276E}.Debug|Any CPU.ActiveCfg = Debug|Any CPU
		{32A14F34-1CF1-4261-8DC3-F8B06AD0276E}.Debug|Any CPU.Build.0 = Debug|Any CPU
		{32A14F34-1CF1-4261-8DC3-F8B06AD0276E}.Release|Any CPU.ActiveCfg = Release|Any CPU
		{32A14F34-1CF1-4261-8DC3-F8B06AD0276E}.Release|Any CPU.Build.0 = Release|Any CPU
		{A8463BB9-CB1D-4B88-B013-4F333D041D7A}.Debug|Any CPU.ActiveCfg = Debug|Any CPU
		{A8463BB9-CB1D-4B88-B013-4F333D041D7A}.Debug|Any CPU.Build.0 = Debug|Any CPU
		{A8463BB9-CB1D-4B88-B013-4F333D041D7A}.Release|Any CPU.ActiveCfg = Release|Any CPU
		{A8463BB9-CB1D-4B88-B013-4F333D041D7A}.Release|Any CPU.Build.0 = Release|Any CPU
	EndGlobalSection
	GlobalSection(SolutionProperties) = preSolution
		HideSolutionNode = FALSE
	EndGlobalSection
	GlobalSection(ExtensibilityGlobals) = postSolution
		SolutionGuid = {3C50ED95-C847-4A3B-A065-7C5823323AFC}
	EndGlobalSection
EndGlobal
